
Microsoft Visual Studio Solution File, Format Version 12.00
# Visual Studio Version 17
VisualStudioVersion = 17.6.33717.318
MinimumVisualStudioVersion = 10.0.40219.1
Project("{2150E333-8FDC-42A3-9474-1A3956D46DE8}") = "FrontEnd", "FrontEnd", "{BFA83C6F-543A-45F5-A6CF-53E12ACDE106}"
EndProject
Project("{2150E333-8FDC-42A3-9474-1A3956D46DE8}") = "Services", "Services", "{BB15DDBE-891F-457D-BF37-6FB4B1F33E76}"
EndProject
Project("{9A19103F-16F7-4668-BE54-9A1E7A4F7556}") = "GeekShopping.IdentityService", "GeekShopping.IdentityService\GeekShopping.IdentityService.csproj", "{3BC74418-9E5C-46B3-982F-0EE26DD7809B}"
EndProject
Project("{9A19103F-16F7-4668-BE54-9A1E7A4F7556}") = "GeekShopping.CartAPI", "GeekShopping.CartAPI\GeekShopping.CartAPI.csproj", "{BF563237-491A-4C74-BA58-5E97705B1A86}"
EndProject
Project("{9A19103F-16F7-4668-BE54-9A1E7A4F7556}") = "GeekShopping.CouponApi", "GeekShopping.CouponApi\GeekShopping.CouponApi.csproj", "{329179AC-3C80-4A5F-B3DC-4F204E115EDD}"
EndProject
Project("{9A19103F-16F7-4668-BE54-9A1E7A4F7556}") = "GeekShopping.Web", "GeekShopping.Web\GeekShopping.Web.csproj", "{B00D987C-4BD3-491E-8075-52FCDA5FE538}"
EndProject
Project("{9A19103F-16F7-4668-BE54-9A1E7A4F7556}") = "GeekShopping.ProductAPI", "GeekShopping.ProductAPI\GeekShopping.ProductAPI.csproj", "{5EC72BCE-9938-4C04-8DDF-B30B9918B2C0}"
EndProject
Project("{2150E333-8FDC-42A3-9474-1A3956D46DE8}") = "Integration", "Integration", "{C0DFA00D-0143-4242-AEF8-A65FF8B34269}"
EndProject
Project("{9A19103F-16F7-4668-BE54-9A1E7A4F7556}") = "GeekShopping.MessageBus", "GeekShopping.MessageBus\GeekShopping.MessageBus.csproj", "{1EED55BA-28DC-4F14-8CAD-218674E0AB60}"
EndProject
Project("{9A19103F-16F7-4668-BE54-9A1E7A4F7556}") = "GeekShopping.OrderAPI", "GeekShopping.OrderAPI\GeekShopping.OrderAPI.csproj", "{B11B2E4E-A534-4165-9B4B-462F88F13AAE}"
EndProject
Project("{2150E333-8FDC-42A3-9474-1A3956D46DE8}") = "Payments", "Payments", "{F216DEBF-E808-4F8A-A0F6-72B28F9D1CB2}"
EndProject
Project("{9A19103F-16F7-4668-BE54-9A1E7A4F7556}") = "GeekShopping.PaymentProcessor", "GeekShopping.PaymentProcesso\GeekShopping.PaymentProcessor.csproj", "{B21CDF3E-DC66-4FCE-9CB3-C914841DDA58}"
EndProject
Project("{FAE04EC0-301F-11D3-BF4B-00C04F79EFBC}") = "GeeekShopping.PaymentAPI", "GeeekShopping.PaymentAPI\GeeekShopping.PaymentAPI.csproj", "{F7A8272C-F873-47E8-872F-8F0513C236AF}"
EndProject
Project("{FAE04EC0-301F-11D3-BF4B-00C04F79EFBC}") = "GeekShopping.Email", "GeekShopping.Email\GeekShopping.Email.csproj", "{2774EA20-FB84-40C3-B90B-03A03B5AABCB}"
EndProject
Project("{2150E333-8FDC-42A3-9474-1A3956D46DE8}") = "Gateway", "Gateway", "{F8A6FF12-3B82-44F0-8A90-501A9C7A3F78}"
EndProject
Project("{FAE04EC0-301F-11D3-BF4B-00C04F79EFBC}") = "GeekShopping.APIGetaway", "GeekShopping.APIGetaway\GeekShopping.APIGetaway.csproj", "{DAA491F5-0F53-456F-A3C4-AF8E89FEC58A}"
EndProject
Global
	GlobalSection(SolutionConfigurationPlatforms) = preSolution
		Debug|Any CPU = Debug|Any CPU
		Release|Any CPU = Release|Any CPU
	EndGlobalSection
	GlobalSection(ProjectConfigurationPlatforms) = postSolution
		{3BC74418-9E5C-46B3-982F-0EE26DD7809B}.Debug|Any CPU.ActiveCfg = Debug|Any CPU
		{3BC74418-9E5C-46B3-982F-0EE26DD7809B}.Debug|Any CPU.Build.0 = Debug|Any CPU
		{3BC74418-9E5C-46B3-982F-0EE26DD7809B}.Release|Any CPU.ActiveCfg = Release|Any CPU
		{3BC74418-9E5C-46B3-982F-0EE26DD7809B}.Release|Any CPU.Build.0 = Release|Any CPU
		{BF563237-491A-4C74-BA58-5E97705B1A86}.Debug|Any CPU.ActiveCfg = Debug|Any CPU
		{BF563237-491A-4C74-BA58-5E97705B1A86}.Debug|Any CPU.Build.0 = Debug|Any CPU
		{BF563237-491A-4C74-BA58-5E97705B1A86}.Release|Any CPU.ActiveCfg = Release|Any CPU
		{BF563237-491A-4C74-BA58-5E97705B1A86}.Release|Any CPU.Build.0 = Release|Any CPU
		{329179AC-3C80-4A5F-B3DC-4F204E115EDD}.Debug|Any CPU.ActiveCfg = Debug|Any CPU
		{329179AC-3C80-4A5F-B3DC-4F204E115EDD}.Debug|Any CPU.Build.0 = Debug|Any CPU
		{329179AC-3C80-4A5F-B3DC-4F204E115EDD}.Release|Any CPU.ActiveCfg = Release|Any CPU
		{329179AC-3C80-4A5F-B3DC-4F204E115EDD}.Release|Any CPU.Build.0 = Release|Any CPU
		{B00D987C-4BD3-491E-8075-52FCDA5FE538}.Debug|Any CPU.ActiveCfg = Debug|Any CPU
		{B00D987C-4BD3-491E-8075-52FCDA5FE538}.Debug|Any CPU.Build.0 = Debug|Any CPU
		{B00D987C-4BD3-491E-8075-52FCDA5FE538}.Release|Any CPU.ActiveCfg = Release|Any CPU
		{B00D987C-4BD3-491E-8075-52FCDA5FE538}.Release|Any CPU.Build.0 = Release|Any CPU
		{5EC72BCE-9938-4C04-8DDF-B30B9918B2C0}.Debug|Any CPU.ActiveCfg = Debug|Any CPU
		{5EC72BCE-9938-4C04-8DDF-B30B9918B2C0}.Debug|Any CPU.Build.0 = Debug|Any CPU
		{5EC72BCE-9938-4C04-8DDF-B30B9918B2C0}.Release|Any CPU.ActiveCfg = Release|Any CPU
		{5EC72BCE-9938-4C04-8DDF-B30B9918B2C0}.Release|Any CPU.Build.0 = Release|Any CPU
		{1EED55BA-28DC-4F14-8CAD-218674E0AB60}.Debug|Any CPU.ActiveCfg = Debug|Any CPU
		{1EED55BA-28DC-4F14-8CAD-218674E0AB60}.Debug|Any CPU.Build.0 = Debug|Any CPU
		{1EED55BA-28DC-4F14-8CAD-218674E0AB60}.Release|Any CPU.ActiveCfg = Release|Any CPU
		{1EED55BA-28DC-4F14-8CAD-218674E0AB60}.Release|Any CPU.Build.0 = Release|Any CPU
		{B11B2E4E-A534-4165-9B4B-462F88F13AAE}.Debug|Any CPU.ActiveCfg = Debug|Any CPU
		{B11B2E4E-A534-4165-9B4B-462F88F13AAE}.Debug|Any CPU.Build.0 = Debug|Any CPU
		{B11B2E4E-A534-4165-9B4B-462F88F13AAE}.Release|Any CPU.ActiveCfg = Release|Any CPU
		{B11B2E4E-A534-4165-9B4B-462F88F13AAE}.Release|Any CPU.Build.0 = Release|Any CPU
		{B21CDF3E-DC66-4FCE-9CB3-C914841DDA58}.Debug|Any CPU.ActiveCfg = Debug|Any CPU
		{B21CDF3E-DC66-4FCE-9CB3-C914841DDA58}.Debug|Any CPU.Build.0 = Debug|Any CPU
		{B21CDF3E-DC66-4FCE-9CB3-C914841DDA58}.Release|Any CPU.ActiveCfg = Release|Any CPU
		{B21CDF3E-DC66-4FCE-9CB3-C914841DDA58}.Release|Any CPU.Build.0 = Release|Any CPU
		{F7A8272C-F873-47E8-872F-8F0513C236AF}.Debug|Any CPU.ActiveCfg = Debug|Any CPU
		{F7A8272C-F873-47E8-872F-8F0513C236AF}.Debug|Any CPU.Build.0 = Debug|Any CPU
		{F7A8272C-F873-47E8-872F-8F0513C236AF}.Release|Any CPU.ActiveCfg = Release|Any CPU
		{F7A8272C-F873-47E8-872F-8F0513C236AF}.Release|Any CPU.Build.0 = Release|Any CPU
		{2774EA20-FB84-40C3-B90B-03A03B5AABCB}.Debug|Any CPU.ActiveCfg = Debug|Any CPU
		{2774EA20-FB84-40C3-B90B-03A03B5AABCB}.Debug|Any CPU.Build.0 = Debug|Any CPU
		{2774EA20-FB84-40C3-B90B-03A03B5AABCB}.Release|Any CPU.ActiveCfg = Release|Any CPU
		{2774EA20-FB84-40C3-B90B-03A03B5AABCB}.Release|Any CPU.Build.0 = Release|Any CPU
		{DAA491F5-0F53-456F-A3C4-AF8E89FEC58A}.Debug|Any CPU.ActiveCfg = Debug|Any CPU
		{DAA491F5-0F53-456F-A3C4-AF8E89FEC58A}.Debug|Any CPU.Build.0 = Debug|Any CPU
		{DAA491F5-0F53-456F-A3C4-AF8E89FEC58A}.Release|Any CPU.ActiveCfg = Release|Any CPU
		{DAA491F5-0F53-456F-A3C4-AF8E89FEC58A}.Release|Any CPU.Build.0 = Release|Any CPU
	EndGlobalSection
	GlobalSection(SolutionProperties) = preSolution
		HideSolutionNode = FALSE
	EndGlobalSection
	GlobalSection(NestedProjects) = preSolution
		{3BC74418-9E5C-46B3-982F-0EE26DD7809B} = {BB15DDBE-891F-457D-BF37-6FB4B1F33E76}
		{BF563237-491A-4C74-BA58-5E97705B1A86} = {BB15DDBE-891F-457D-BF37-6FB4B1F33E76}
		{329179AC-3C80-4A5F-B3DC-4F204E115EDD} = {BB15DDBE-891F-457D-BF37-6FB4B1F33E76}
		{B00D987C-4BD3-491E-8075-52FCDA5FE538} = {BFA83C6F-543A-45F5-A6CF-53E12ACDE106}
		{5EC72BCE-9938-4C04-8DDF-B30B9918B2C0} = {BB15DDBE-891F-457D-BF37-6FB4B1F33E76}
		{1EED55BA-28DC-4F14-8CAD-218674E0AB60} = {C0DFA00D-0143-4242-AEF8-A65FF8B34269}
		{B11B2E4E-A534-4165-9B4B-462F88F13AAE} = {BB15DDBE-891F-457D-BF37-6FB4B1F33E76}
		{B21CDF3E-DC66-4FCE-9CB3-C914841DDA58} = {F216DEBF-E808-4F8A-A0F6-72B28F9D1CB2}
		{F7A8272C-F873-47E8-872F-8F0513C236AF} = {BB15DDBE-891F-457D-BF37-6FB4B1F33E76}
		{2774EA20-FB84-40C3-B90B-03A03B5AABCB} = {BB15DDBE-891F-457D-BF37-6FB4B1F33E76}
		{DAA491F5-0F53-456F-A3C4-AF8E89FEC58A} = {F8A6FF12-3B82-44F0-8A90-501A9C7A3F78}
	EndGlobalSection
	GlobalSection(ExtensibilityGlobals) = postSolution
		SolutionGuid = {C5E68C3D-D96C-4B30-8BB3-903E8AD79697}
	EndGlobalSection
EndGlobal
